<?xml version="1.0" encoding="utf-8"?>
<Project ToolsVersion="4.0" xmlns="http://schemas.microsoft.com/developer/msbuild/2003">
  <ItemGroup>
    <Filter Include="Source Files">
      <UniqueIdentifier>{4FC737F1-C7A5-4376-A066-2A32D752A2FF}</UniqueIdentifier>
      <Extensions>cpp;c;cc;cxx;c++;cppm;ixx;def;odl;idl;hpj;bat;asm;asmx</Extensions>
    </Filter>
    <Filter Include="Header Files">
      <UniqueIdentifier>{93995380-89BD-4b04-88EB-625FBE52EBFB}</UniqueIdentifier>
      <Extensions>h;hh;hpp;hxx;h++;hm;inl;inc;ipp;xsd</Extensions>
    </Filter>
    <Filter Include="Resource Files">
      <UniqueIdentifier>{67DA6AB6-F800-4c08-8B7A-83BB121AAD01}</UniqueIdentifier>
      <Extensions>rc;ico;cur;bmp;dlg;rc2;rct;bin;rgs;gif;jpg;jpeg;jpe;resx;tiff;tif;png;wav;mfcribbon-ms</Extensions>
    </Filter>
  </ItemGroup>
  <ItemGroup>
    <ClCompile Include="Types\Matrix.cpp">
      <Filter>Source Files</Filter>
    </ClCompile>
    <ClCompile Include="RL\RL.cpp">
      <Filter>Source Files</Filter>
    </ClCompile>
    <ClCompile Include="Protocols\CARL_Protocol.cpp">
      <Filter>Source Files</Filter>
    </ClCompile>
    <ClCompile Include="Protocols\RKC_Protocol.cpp">
      <Filter>Source Files</Filter>
    </ClCompile>
    <ClCompile Include="Protocols\CA_Protocol.cpp">
      <Filter>Source Files</Filter>
    </ClCompile>
    <ClCompile Include="Protocols\ARL_Protocol.cpp">
      <Filter>Source Files</Filter>
    </ClCompile>
    <ClCompile Include="GAN\Discriminator.cpp">
      <Filter>Source Files</Filter>
    </ClCompile>
    <ClCompile Include="GAN\GAN.cpp">
      <Filter>Source Files</Filter>
    </ClCompile>
    <ClCompile Include="GAN\Optimizer.cpp">
      <Filter>Source Files</Filter>
    </ClCompile>
    <ClCompile Include="GAN\Generator.cpp">
      <Filter>Source Files</Filter>
    </ClCompile>
    <ClCompile Include="Tests\GAN_Tests.h">
      <Filter>Source Files</Filter>
    </ClCompile>
    <ClCompile Include="Tests\Connectors_Tests.cpp">
      <Filter>Source Files</Filter>
    </ClCompile>
    <ClCompile Include="Tests\GAN_Tests.cpp">
      <Filter>Source Files</Filter>
    </ClCompile>
    <ClCompile Include="Tests\Protocol_Tests.cpp">
      <Filter>Source Files</Filter>
    </ClCompile>
    <ClCompile Include="Tests\RL_Tests.cpp">
      <Filter>Source Files</Filter>
    </ClCompile>
    <ClCompile Include="Tests\Tests.cpp">
      <Filter>Source Files</Filter>
    </ClCompile>
    <ClCompile Include="Tests\Type_Tests.cpp">
      <Filter>Source Files</Filter>
    </ClCompile>
    <ClCompile Include="Types\Activation.cpp">
      <Filter>Source Files</Filter>
    </ClCompile>
    <ClCompile Include="Connectors\CA_Connectors.cpp">
      <Filter>Source Files</Filter>
    </ClCompile>
    <ClCompile Include="Connectors\ARL_Connectors.cpp">
      <Filter>Source Files</Filter>
    </ClCompile>
    <ClCompile Include="Connectors\Protocol_Connectors.cpp">
      <Filter>Source Files</Filter>
    </ClCompile>
    <ClCompile Include="Connectors\RKC_Connectors.cpp">
      <Filter>Source Files</Filter>
    </ClCompile>
    <ClCompile Include="SNN\SNN.cpp">
      <Filter>Source Files</Filter>
    </ClCompile>
    <ClCompile Include="SNN\SNNNeuron.cpp">
      <Filter>Source Files</Filter>
    </ClCompile>
    <ClCompile Include="SNN\Spike.cpp">
      <Filter>Source Files</Filter>
    </ClCompile>
    <ClCompile Include="Tests\SNN_Tests.cpp">
      <Filter>Source Files</Filter>
    </ClCompile>
    <ClCompile Include="SNN\Synapse.cpp">
      <Filter>Source Files</Filter>
    </ClCompile>
    <ClCompile Include="SNN\Membrane.cpp">
      <Filter>Source Files</Filter>
    </ClCompile>
    <ClCompile Include="Types\General.cpp">
      <Filter>Source Files</Filter>
    </ClCompile>
    <ClCompile Include="CNN_Old\Old_Kernel.cpp">
      <Filter>Source Files</Filter>
    </ClCompile>
    <ClCompile Include="GAN\Dataset.cpp">
      <Filter>Source Files</Filter>
    </ClCompile>
    <ClCompile Include="GAN\GANFeature.cpp">
      <Filter>Source Files</Filter>
    </ClCompile>
    <ClCompile Include="GAN\Sample.cpp">
      <Filter>Source Files</Filter>
    </ClCompile>
    <ClCompile Include="GAN\GANNeuron.c">
      <Filter>Source Files</Filter>
    </ClCompile>
    <ClCompile Include="CNN_Old\CNNLayer.cpp">
      <Filter>Source Files</Filter>
    </ClCompile>
    <ClCompile Include="GUI\GUI.cpp">
      <Filter>Source Files</Filter>
    </ClCompile>
    <ClCompile Include="Tests\GUI_Tests.cpp">
      <Filter>Source Files</Filter>
    </ClCompile>
    <ClCompile Include="RL\State.cpp">
      <Filter>Source Files</Filter>
    </ClCompile>
    <ClCompile Include="RL\Action.cpp">
      <Filter>Source Files</Filter>
    </ClCompile>
    <ClCompile Include="RL\Environment.cpp">
      <Filter>Source Files</Filter>
    </ClCompile>
    <ClCompile Include="RL\Policy.cpp">
      <Filter>Source Files</Filter>
    </ClCompile>
    <ClCompile Include="RL\Q.cpp">
      <Filter>Source Files</Filter>
    </ClCompile>
    <ClCompile Include="CNN\CNN.cpp">
      <Filter>Source Files</Filter>
    </ClCompile>
    <ClCompile Include="Tests\Data_Tests.cpp">
      <Filter>Source Files</Filter>
    </ClCompile>
    <ClCompile Include="Data\Image\Processing\Load_Image.cpp">
      <Filter>Source Files</Filter>
    </ClCompile>
    <ClCompile Include="CNN\Kernel.cpp">
      <Filter>Source Files</Filter>
    </ClCompile>
    <ClCompile Include="Tests\CNN_Tests.cpp">
      <Filter>Source Files</Filter>
    </ClCompile>
    <ClCompile Include="Alpha_Dev.cpp">
      <Filter>Source Files</Filter>
    </ClCompile>
    <ClCompile Include="CNN\Pool.cpp">
      <Filter>Source Files</Filter>
    </ClCompile>
    <ClCompile Include="CNN\Filters.cpp">
      <Filter>Source Files</Filter>
    </ClCompile>
    <ClCompile Include="CNN\Convolution.cpp">
      <Filter>Source Files</Filter>
    </ClCompile>
  </ItemGroup>
  <ItemGroup>
    <ClInclude Include="RL\RL.h">
      <Filter>Header Files</Filter>
    </ClInclude>
    <ClInclude Include="GAN\GAN.h">
      <Filter>Header Files</Filter>
    </ClInclude>
    <ClInclude Include="GAN\Generator.h">
      <Filter>Header Files</Filter>
    </ClInclude>
    <ClInclude Include="GAN\Discriminator.h">
      <Filter>Header Files</Filter>
    </ClInclude>
    <ClInclude Include="GAN\Optimizer.h">
      <Filter>Header Files</Filter>
    </ClInclude>
    <ClInclude Include="Protocols\CARL_Protocol.h">
      <Filter>Header Files</Filter>
    </ClInclude>
    <ClInclude Include="Protocols\ARL_Protocol.h">
      <Filter>Header Files</Filter>
    </ClInclude>
    <ClInclude Include="Protocols\RKC_Protocol.h">
      <Filter>Header Files</Filter>
    </ClInclude>
    <ClInclude Include="Protocols\CA_Protocol.h">
      <Filter>Header Files</Filter>
    </ClInclude>
    <ClInclude Include="Types\Matrix.h">
      <Filter>Header Files</Filter>
    </ClInclude>
    <ClInclude Include="Types\Vector.h">
      <Filter>Header Files</Filter>
    </ClInclude>
    <ClInclude Include="Types\Tensor.h">
      <Filter>Header Files</Filter>
    </ClInclude>
    <ClInclude Include="Tests\Tests.h">
      <Filter>Header Files</Filter>
    </ClInclude>
    <ClInclude Include="Tests\Type_Tests.h">
      <Filter>Header Files</Filter>
    </ClInclude>
    <ClInclude Include="Tests\Protocol_Tests.h">
      <Filter>Header Files</Filter>
    </ClInclude>
    <ClInclude Include="Tests\RL_Tests.h">
      <Filter>Header Files</Filter>
    </ClInclude>
    <ClInclude Include="Tests\CNN_Tests.h">
      <Filter>Header Files</Filter>
    </ClInclude>
    <ClInclude Include="Connectors\CA_Connectors.h">
      <Filter>Header Files</Filter>
    </ClInclude>
    <ClInclude Include="Connectors\Protocol_Connectors.h">
      <Filter>Header Files</Filter>
    </ClInclude>
    <ClInclude Include="Connectors\ARL_Connectors.h">
      <Filter>Header Files</Filter>
    </ClInclude>
    <ClInclude Include="Connectors\RKC_Connectors.h">
      <Filter>Header Files</Filter>
    </ClInclude>
    <ClInclude Include="Tests\Connectors_Tests.h">
      <Filter>Header Files</Filter>
    </ClInclude>
    <ClInclude Include="Types\Types.h">
      <Filter>Header Files</Filter>
    </ClInclude>
    <ClInclude Include="Types\Activation.h">
      <Filter>Header Files</Filter>
    </ClInclude>
    <ClInclude Include="SNN\SNN.h">
      <Filter>Header Files</Filter>
    </ClInclude>
    <ClInclude Include="SNN\SNNNeuron.h">
      <Filter>Header Files</Filter>
    </ClInclude>
    <ClInclude Include="SNN\Spike.h">
      <Filter>Header Files</Filter>
    </ClInclude>
    <ClInclude Include="Tests\SNN_Tests.h">
      <Filter>Header Files</Filter>
    </ClInclude>
    <ClInclude Include="SNN\Synapse.h">
      <Filter>Header Files</Filter>
    </ClInclude>
    <ClInclude Include="SNN\Membrane.h">
      <Filter>Header Files</Filter>
    </ClInclude>
    <ClInclude Include="Types\General.h">
      <Filter>Header Files</Filter>
    </ClInclude>
    <ClInclude Include="CNN_Old\Old_Kernel.h">
      <Filter>Header Files</Filter>
    </ClInclude>
    <ClInclude Include="CNN_Old\CNNNeuron.h">
      <Filter>Header Files</Filter>
    </ClInclude>
    <ClInclude Include="GAN\Dataset.h">
      <Filter>Header Files</Filter>
    </ClInclude>
    <ClInclude Include="GAN\GANFeature.h">
      <Filter>Header Files</Filter>
    </ClInclude>
    <ClInclude Include="GAN\Sample.h">
      <Filter>Header Files</Filter>
    </ClInclude>
    <ClInclude Include="GAN\GANNeuron.h">
      <Filter>Header Files</Filter>
    </ClInclude>
    <ClInclude Include="Additional_Notes.txt">
      <Filter>Header Files</Filter>
    </ClInclude>
    <ClInclude Include="CNN_Old\KernelHelper.h">
      <Filter>Header Files</Filter>
    </ClInclude>
    <ClInclude Include="Tests\TestData.h">
      <Filter>Header Files</Filter>
    </ClInclude>
    <ClInclude Include="CNN_Old\CNNData.h">
      <Filter>Header Files</Filter>
    </ClInclude>
    <ClInclude Include="CNN_Old\CNNLayer.h">
      <Filter>Header Files</Filter>
    </ClInclude>
    <ClInclude Include="CNN_Old\CNNLayer_Helper.h">
      <Filter>Header Files</Filter>
    </ClInclude>
    <ClInclude Include="Types\Scalar.h">
      <Filter>Header Files</Filter>
    </ClInclude>
    <ClInclude Include="Data\Image\Samples\image_map.json">
      <Filter>Header Files</Filter>
    </ClInclude>
    <ClInclude Include="GUI\GUI.h">
      <Filter>Header Files</Filter>
    </ClInclude>
    <ClInclude Include="Tests\GUI_Tests.h">
      <Filter>Header Files</Filter>
    </ClInclude>
    <ClInclude Include="cpp.cpp">
      <Filter>Header Files</Filter>
    </ClInclude>
    <ClInclude Include="h.h">
      <Filter>Header Files</Filter>
    </ClInclude>
    <ClInclude Include="GUI\Objects.h">
      <Filter>Header Files</Filter>
    </ClInclude>
    <ClInclude Include="GUI\Systems.h">
      <Filter>Header Files</Filter>
    </ClInclude>
    <ClInclude Include="RL\State.h">
      <Filter>Header Files</Filter>
    </ClInclude>
    <ClInclude Include="RL\Action.h">
      <Filter>Header Files</Filter>
    </ClInclude>
    <ClInclude Include="RL\Environment.h">
      <Filter>Header Files</Filter>
    </ClInclude>
    <ClInclude Include="RL\Policy.h">
      <Filter>Header Files</Filter>
    </ClInclude>
    <ClInclude Include="RL\Q.h">
      <Filter>Header Files</Filter>
    </ClInclude>
    <ClInclude Include="CNN\CNN.h">
      <Filter>Header Files</Filter>
    </ClInclude>
    <ClInclude Include="Tests\Data_Tests.h">
      <Filter>Header Files</Filter>
    </ClInclude>
    <ClInclude Include="Data\Image\Processing\Load_Image.h">
      <Filter>Header Files</Filter>
    </ClInclude>
    <ClInclude Include="Data\Load_Data.h">
      <Filter>Header Files</Filter>
    </ClInclude>
    <ClInclude Include="CNN\Filters.h">
      <Filter>Header Files</Filter>
    </ClInclude>
    <ClInclude Include="CNN\Kernel.h">
      <Filter>Header Files</Filter>
    </ClInclude>
    <ClInclude Include="CNN\CNNLayers.h">
      <Filter>Header Files</Filter>
    </ClInclude>
    <ClInclude Include="CNN\Pool.h">
      <Filter>Header Files</Filter>
    </ClInclude>
    <ClInclude Include="CNN\Convolution.h">
      <Filter>Header Files</Filter>
    </ClInclude>
  </ItemGroup>
  <ItemGroup>
    <Image Include="Data\Image\Samples\sample_1.jpeg">
      <Filter>Resource Files</Filter>
    </Image>
    <Image Include="Data\Image\Samples\sample_4.png">
      <Filter>Resource Files</Filter>
    </Image>
    <Image Include="Data\Image\Samples\sample_2.jpg">
      <Filter>Resource Files</Filter>
    </Image>
    <Image Include="Data\Image\Samples\sample_3.png">
      <Filter>Resource Files</Filter>
    </Image>
  </ItemGroup>
</Project>